// !$*UTF8*$!
{
	archiveVersion = 1;
	classes = {
	};
	objectVersion = 50;
	objects = {

/* Begin PBXBuildFile section */
		631494D6216D54D1000A7BCF /* AppDelegate.swift in Sources */ = {isa = PBXBuildFile; fileRef = 631494D5216D54D1000A7BCF /* AppDelegate.swift */; };
		631494D8216D54D1000A7BCF /* ViewController.swift in Sources */ = {isa = PBXBuildFile; fileRef = 631494D7216D54D1000A7BCF /* ViewController.swift */; };
		631494DB216D54D1000A7BCF /* Main.storyboard in Resources */ = {isa = PBXBuildFile; fileRef = 631494D9216D54D1000A7BCF /* Main.storyboard */; };
		631494DD216D54D5000A7BCF /* Assets.xcassets in Resources */ = {isa = PBXBuildFile; fileRef = 631494DC216D54D5000A7BCF /* Assets.xcassets */; };
		631494E0216D54D5000A7BCF /* LaunchScreen.storyboard in Resources */ = {isa = PBXBuildFile; fileRef = 631494DE216D54D5000A7BCF /* LaunchScreen.storyboard */; };
		631494EB216D54D5000A7BCF /* holaMundoTests.swift in Sources */ = {isa = PBXBuildFile; fileRef = 631494EA216D54D5000A7BCF /* holaMundoTests.swift */; };
		631494F6216D54D5000A7BCF /* holaMundoUITests.swift in Sources */ = {isa = PBXBuildFile; fileRef = 631494F5216D54D5000A7BCF /* holaMundoUITests.swift */; };
/* End PBXBuildFile section */

/* Begin PBXContainerItemProxy section */
		631494E7216D54D5000A7BCF /* PBXContainerItemProxy */ = {
			isa = PBXContainerItemProxy;
			containerPortal = 631494CA216D54D1000A7BCF /* Project object */;
			proxyType = 1;
			remoteGlobalIDString = 631494D1216D54D1000A7BCF;
			remoteInfo = holaMundo;
		};
		631494F2216D54D5000A7BCF /* PBXContainerItemProxy */ = {
			isa = PBXContainerItemProxy;
			containerPortal = 631494CA216D54D1000A7BCF /* Project object */;
			proxyType = 1;
			remoteGlobalIDString = 631494D1216D54D1000A7BCF;
			remoteInfo = holaMundo;
		};
/* End PBXContainerItemProxy section */

/* Begin PBXFileReference section */
		631494D2216D54D1000A7BCF /* holaMundo.app */ = {isa = PBXFileReference; explicitFileType = wrapper.application; includeInIndex = 0; path = holaMundo.app; sourceTree = BUILT_PRODUCTS_DIR; };
		631494D5216D54D1000A7BCF /* AppDelegate.swift */ = {isa = PBXFileReference; lastKnownFileType = sourcecode.swift; path = AppDelegate.swift; sourceTree = "<group>"; };
		631494D7216D54D1000A7BCF /* ViewController.swift */ = {isa = PBXFileReference; lastKnownFileType = sourcecode.swift; path = ViewController.swift; sourceTree = "<group>"; };
		631494DA216D54D1000A7BCF /* Base */ = {isa = PBXFileReference; lastKnownFileType = file.storyboard; name = Base; path = Base.lproj/Main.storyboard; sourceTree = "<group>"; };
		631494DC216D54D5000A7BCF /* Assets.xcassets */ = {isa = PBXFileReference; lastKnownFileType = folder.assetcatalog; path = Assets.xcassets; sourceTree = "<group>"; };
		631494DF216D54D5000A7BCF /* Base */ = {isa = PBXFileReference; lastKnownFileType = file.storyboard; name = Base; path = Base.lproj/LaunchScreen.storyboard; sourceTree = "<group>"; };
		631494E1216D54D5000A7BCF /* Info.plist */ = {isa = PBXFileReference; lastKnownFileType = text.plist.xml; path = Info.plist; sourceTree = "<group>"; };
		631494E6216D54D5000A7BCF /* holaMundoTests.xctest */ = {isa = PBXFileReference; explicitFileType = wrapper.cfbundle; includeInIndex = 0; path = holaMundoTests.xctest; sourceTree = BUILT_PRODUCTS_DIR; };
		631494EA216D54D5000A7BCF /* holaMundoTests.swift */ = {isa = PBXFileReference; lastKnownFileType = sourcecode.swift; path = holaMundoTests.swift; sourceTree = "<group>"; };
		631494EC216D54D5000A7BCF /* Info.plist */ = {isa = PBXFileReference; lastKnownFileType = text.plist.xml; path = Info.plist; sourceTree = "<group>"; };
		631494F1216D54D5000A7BCF /* holaMundoUITests.xctest */ = {isa = PBXFileReference; explicitFileType = wrapper.cfbundle; includeInIndex = 0; path = holaMundoUITests.xctest; sourceTree = BUILT_PRODUCTS_DIR; };
		631494F5216D54D5000A7BCF /* holaMundoUITests.swift */ = {isa = PBXFileReference; lastKnownFileType = sourcecode.swift; path = holaMundoUITests.swift; sourceTree = "<group>"; };
		631494F7216D54D5000A7BCF /* Info.plist */ = {isa = PBXFileReference; lastKnownFileType = text.plist.xml; path = Info.plist; sourceTree = "<group>"; };
/* End PBXFileReference section */

/* Begin PBXFrameworksBuildPhase section */
		631494CF216D54D1000A7BCF /* Frameworks */ = {
			isa = PBXFrameworksBuildPhase;
			buildActionMask = 2147483647;
			files = (
			);
			runOnlyForDeploymentPostprocessing = 0;
		};
		631494E3216D54D5000A7BCF /* Frameworks */ = {
			isa = PBXFrameworksBuildPhase;
			buildActionMask = 2147483647;
			files = (
			);
			runOnlyForDeploymentPostprocessing = 0;
		};
		631494EE216D54D5000A7BCF /* Frameworks */ = {
			isa = PBXFrameworksBuildPhase;
			buildActionMask = 2147483647;
			files = (
			);
			runOnlyForDeploymentPostprocessing = 0;
		};
/* End PBXFrameworksBuildPhase section */

/* Begin PBXGroup section */
		631494C9216D54D1000A7BCF = {
			isa = PBXGroup;
			children = (
				631494D4216D54D1000A7BCF /* holaMundo */,
				631494E9216D54D5000A7BCF /* holaMundoTests */,
				631494F4216D54D5000A7BCF /* holaMundoUITests */,
				631494D3216D54D1000A7BCF /* Products */,
			);
			sourceTree = "<group>";
		};
		631494D3216D54D1000A7BCF /* Products */ = {
			isa = PBXGroup;
			children = (
				631494D2216D54D1000A7BCF /* holaMundo.app */,
				631494E6216D54D5000A7BCF /* holaMundoTests.xctest */,
				631494F1216D54D5000A7BCF /* holaMundoUITests.xctest */,
			);
			name = Products;
			sourceTree = "<group>";
		};
		631494D4216D54D1000A7BCF /* holaMundo */ = {
			isa = PBXGroup;
			children = (
				631494D5216D54D1000A7BCF /* AppDelegate.swift */,
				631494D7216D54D1000A7BCF /* ViewController.swift */,
				631494D9216D54D1000A7BCF /* Main.storyboard */,
				631494DC216D54D5000A7BCF /* Assets.xcassets */,
				631494DE216D54D5000A7BCF /* LaunchScreen.storyboard */,
				631494E1216D54D5000A7BCF /* Info.plist */,
			);
			path = holaMundo;
			sourceTree = "<group>";
		};
		631494E9216D54D5000A7BCF /* holaMundoTests */ = {
			isa = PBXGroup;
			children = (
				631494EA216D54D5000A7BCF /* holaMundoTests.swift */,
				631494EC216D54D5000A7BCF /* Info.plist */,
			);
			path = holaMundoTests;
			sourceTree = "<group>";
		};
		631494F4216D54D5000A7BCF /* holaMundoUITests */ = {
			isa = PBXGroup;
			children = (
				631494F5216D54D5000A7BCF /* holaMundoUITests.swift */,
				631494F7216D54D5000A7BCF /* Info.plist */,
			);
			path = holaMundoUITests;
			sourceTree = "<group>";
		};
/* End PBXGroup section */

/* Begin PBXNativeTarget section */
		631494D1216D54D1000A7BCF /* holaMundo */ = {
			isa = PBXNativeTarget;
			buildConfigurationList = 631494FA216D54D5000A7BCF /* Build configuration list for PBXNativeTarget "holaMundo" */;
			buildPhases = (
				631494CE216D54D1000A7BCF /* Sources */,
				631494CF216D54D1000A7BCF /* Frameworks */,
				631494D0216D54D1000A7BCF /* Resources */,
			);
			buildRules = (
			);
			dependencies = (
			);
			name = holaMundo;
			productName = holaMundo;
			productReference = 631494D2216D54D1000A7BCF /* holaMundo.app */;
			productType = "com.apple.product-type.application";
		};
		631494E5216D54D5000A7BCF /* holaMundoTests */ = {
			isa = PBXNativeTarget;
			buildConfigurationList = 631494FD216D54D5000A7BCF /* Build configuration list for PBXNativeTarget "holaMundoTests" */;
			buildPhases = (
				631494E2216D54D5000A7BCF /* Sources */,
				631494E3216D54D5000A7BCF /* Frameworks */,
				631494E4216D54D5000A7BCF /* Resources */,
			);
			buildRules = (
			);
			dependencies = (
				631494E8216D54D5000A7BCF /* PBXTargetDependency */,
			);
			name = holaMundoTests;
			productName = holaMundoTests;
			productReference = 631494E6216D54D5000A7BCF /* holaMundoTests.xctest */;
			productType = "com.apple.product-type.bundle.unit-test";
		};
		631494F0216D54D5000A7BCF /* holaMundoUITests */ = {
			isa = PBXNativeTarget;
			buildConfigurationList = 63149500216D54D5000A7BCF /* Build configuration list for PBXNativeTarget "holaMundoUITests" */;
			buildPhases = (
				631494ED216D54D5000A7BCF /* Sources */,
				631494EE216D54D5000A7BCF /* Frameworks */,
				631494EF216D54D5000A7BCF /* Resources */,
			);
			buildRules = (
			);
			dependencies = (
				631494F3216D54D5000A7BCF /* PBXTargetDependency */,
			);
			name = holaMundoUITests;
			productName = holaMundoUITests;
			productReference = 631494F1216D54D5000A7BCF /* holaMundoUITests.xctest */;
			productType = "com.apple.product-type.bundle.ui-testing";
		};
/* End PBXNativeTarget section */

/* Begin PBXProject section */
		631494CA216D54D1000A7BCF /* Project object */ = {
			isa = PBXProject;
			attributes = {
				LastSwiftUpdateCheck = 1000;
				LastUpgradeCheck = 1000;
				ORGANIZATIONNAME = JM;
				TargetAttributes = {
					631494D1216D54D1000A7BCF = {
						CreatedOnToolsVersion = 10.0;
					};
					631494E5216D54D5000A7BCF = {
						CreatedOnToolsVersion = 10.0;
						TestTargetID = 631494D1216D54D1000A7BCF;
					};
					631494F0216D54D5000A7BCF = {
						CreatedOnToolsVersion = 10.0;
						TestTargetID = 631494D1216D54D1000A7BCF;
					};
				};
			};
			buildConfigurationList = 631494CD216D54D1000A7BCF /* Build configuration list for PBXProject "holaMundo" */;
			compatibilityVersion = "Xcode 9.3";
			developmentRegion = en;
			hasScannedForEncodings = 0;
			knownRegions = (
				en,
				Base,
			);
			mainGroup = 631494C9216D54D1000A7BCF;
			productRefGroup = 631494D3216D54D1000A7BCF /* Products */;
			projectDirPath = "";
			projectRoot = "";
			targets = (
				631494D1216D54D1000A7BCF /* holaMundo */,
				631494E5216D54D5000A7BCF /* holaMundoTests */,
				631494F0216D54D5000A7BCF /* holaMundoUITests */,
			);
		};
/* End PBXProject section */

/* Begin PBXResourcesBuildPhase section */
		631494D0216D54D1000A7BCF /* Resources */ = {
			isa = PBXResourcesBuildPhase;
			buildActionMask = 2147483647;
			files = (
				631494E0216D54D5000A7BCF /* LaunchScreen.storyboard in Resources */,
				631494DD216D54D5000A7BCF /* Assets.xcassets in Resources */,
				631494DB216D54D1000A7BCF /* Main.storyboard in Resources */,
			);
			runOnlyForDeploymentPostprocessing = 0;
		};
		631494E4216D54D5000A7BCF /* Resources */ = {
			isa = PBXResourcesBuildPhase;
			buildActionMask = 2147483647;
			files = (
			);
			runOnlyForDeploymentPostprocessing = 0;
		};
		631494EF216D54D5000A7BCF /* Resources */ = {
			isa = PBXResourcesBuildPhase;
			buildActionMask = 2147483647;
			files = (
			);
			runOnlyForDeploymentPostprocessing = 0;
		};
/* End PBXResourcesBuildPhase section */

/* Begin PBXSourcesBuildPhase section */
		631494CE216D54D1000A7BCF /* Sources */ = {
			isa = PBXSourcesBuildPhase;
			buildActionMask = 2147483647;
			files = (
				631494D8216D54D1000A7BCF /* ViewController.swift in Sources */,
				631494D6216D54D1000A7BCF /* AppDelegate.swift in Sources */,
			);
			runOnlyForDeploymentPostprocessing = 0;
		};
		631494E2216D54D5000A7BCF /* Sources */ = {
			isa = PBXSourcesBuildPhase;
			buildActionMask = 2147483647;
			files = (
				631494EB216D54D5000A7BCF /* holaMundoTests.swift in Sources */,
			);
			runOnlyForDeploymentPostprocessing = 0;
		};
		631494ED216D54D5000A7BCF /* Sources */ = {
			isa = PBXSourcesBuildPhase;
			buildActionMask = 2147483647;
			files = (
				631494F6216D54D5000A7BCF /* holaMundoUITests.swift in Sources */,
			);
			runOnlyForDeploymentPostprocessing = 0;
		};
/* End PBXSourcesBuildPhase section */

/* Begin PBXTargetDependency section */
		631494E8216D54D5000A7BCF /* PBXTargetDependency */ = {
			isa = PBXTargetDependency;
			target = 631494D1216D54D1000A7BCF /* holaMundo */;
			targetProxy = 631494E7216D54D5000A7BCF /* PBXContainerItemProxy */;
		};
		631494F3216D54D5000A7BCF /* PBXTargetDependency */ = {
			isa = PBXTargetDependency;
			target = 631494D1216D54D1000A7BCF /* holaMundo */;
			targetProxy = 631494F2216D54D5000A7BCF /* PBXContainerItemProxy */;
		};
/* End PBXTargetDependency section */

/* Begin PBXVariantGroup section */
		631494D9216D54D1000A7BCF /* Main.storyboard */ = {
			isa = PBXVariantGroup;
			children = (
				631494DA216D54D1000A7BCF /* Base */,
			);
			name = Main.storyboard;
			sourceTree = "<group>";
		};
		631494DE216D54D5000A7BCF /* LaunchScreen.storyboard */ = {
			isa = PBXVariantGroup;
			children = (
				631494DF216D54D5000A7BCF /* Base */,
			);
			name = LaunchScreen.storyboard;
			sourceTree = "<group>";
		};
/* End PBXVariantGroup section */

/* Begin XCBuildConfiguration section */
		631494F8216D54D5000A7BCF /* Debug */ = {
			isa = XCBuildConfiguration;
			buildSettings = {
				ALWAYS_SEARCH_USER_PATHS = NO;
				CLANG_ANALYZER_NONNULL = YES;
				CLANG_ANALYZER_NUMBER_OBJECT_CONVERSION = YES_AGGRESSIVE;
				CLANG_CXX_LANGUAGE_STANDARD = "gnu++14";
				CLANG_CXX_LIBRARY = "libc++";
				CLANG_ENABLE_MODULES = YES;
				CLANG_ENABLE_OBJC_ARC = YES;
				CLANG_ENABLE_OBJC_WEAK = YES;
				CLANG_WARN_BLOCK_CAPTURE_AUTORELEASING = YES;
				CLANG_WARN_BOOL_CONVERSION = YES;
				CLANG_WARN_COMMA = YES;
				CLANG_WARN_CONSTANT_CONVERSION = YES;
				CLANG_WARN_DEPRECATED_OBJC_IMPLEMENTATIONS = YES;
				CLANG_WARN_DIRECT_OBJC_ISA_USAGE = YES_ERROR;
				CLANG_WARN_DOCUMENTATION_COMMENTS = YES;
				CLANG_WARN_EMPTY_BODY = YES;
				CLANG_WARN_ENUM_CONVERSION = YES;
				CLANG_WARN_INFINITE_RECURSION = YES;
				CLANG_WARN_INT_CONVERSION = YES;
				CLANG_WARN_NON_LITERAL_NULL_CONVERSION = YES;
				CLANG_WARN_OBJC_IMPLICIT_RETAIN_SELF = YES;
				CLANG_WARN_OBJC_LITERAL_CONVERSION = YES;
				CLANG_WARN_OBJC_ROOT_CLASS = YES_ERROR;
				CLANG_WARN_RANGE_LOOP_ANALYSIS = YES;
				CLANG_WARN_STRICT_PROTOTYPES = YES;
				CLANG_WARN_SUSPICIOUS_MOVE = YES;
				CLANG_WARN_UNGUARDED_AVAILABILITY = YES_AGGRESSIVE;
				CLANG_WARN_UNREACHABLE_CODE = YES;
				CLANG_WARN__DUPLICATE_METHOD_MATCH = YES;
				CODE_SIGN_IDENTITY = "iPhone Developer";
				COPY_PHASE_STRIP = NO;
				DEBUG_INFORMATION_FORMAT = dwarf;
				ENABLE_STRICT_OBJC_MSGSEND = YES;
				ENABLE_TESTABILITY = YES;
				GCC_C_LANGUAGE_STANDARD = gnu11;
				GCC_DYNAMIC_NO_PIC = NO;
				GCC_NO_COMMON_BLOCKS = YES;
				GCC_OPTIMIZATION_LEVEL = 0;
				GCC_PREPROCESSOR_DEFINITIONS = (
					"DEBUG=1",
					"$(inherited)",
				);
				GCC_WARN_64_TO_32_BIT_CONVERSION = YES;
				GCC_WARN_ABOUT_RETURN_TYPE = YES_ERROR;
				GCC_WARN_UNDECLARED_SELECTOR = YES;
				GCC_WARN_UNINITIALIZED_AUTOS = YES_AGGRESSIVE;
				GCC_WARN_UNUSED_FUNCTION = YES;
				GCC_WARN_UNUSED_VARIABLE = YES;
				IPHONEOS_DEPLOYMENT_TARGET = 12.0;
				MTL_ENABLE_DEBUG_INFO = INCLUDE_SOURCE;
				MTL_FAST_MATH = YES;
				ONLY_ACTIVE_ARCH = YES;
				SDKROOT = iphoneos;
				SWIFT_ACTIVE_COMPILATION_CONDITIONS = DEBUG;
				SWIFT_OPTIMIZATION_LEVEL = "-Onone";
			};
			name = Debug;
		};
		631494F9216D54D5000A7BCF /* Release */ = {
			isa = XCBuildConfiguration;
			buildSettings = {
				ALWAYS_SEARCH_USER_PATHS = NO;
				CLANG_ANALYZER_NONNULL = YES;
				CLANG_ANALYZER_NUMBER_OBJECT_CONVERSION = YES_AGGRESSIVE;
				CLANG_CXX_LANGUAGE_STANDARD = "gnu++14";
				CLANG_CXX_LIBRARY = "libc++";
				CLANG_ENABLE_MODULES = YES;
				CLANG_ENABLE_OBJC_ARC = YES;
				CLANG_ENABLE_OBJC_WEAK = YES;
				CLANG_WARN_BLOCK_CAPTURE_AUTORELEASING = YES;
				CLANG_WARN_BOOL_CONVERSION = YES;
				CLANG_WARN_COMMA = YES;
				CLANG_WARN_CONSTANT_CONVERSION = YES;
				CLANG_WARN_DEPRECATED_OBJC_IMPLEMENTATIONS = YES;
				CLANG_WARN_DIRECT_OBJC_ISA_USAGE = YES_ERROR;
				CLANG_WARN_DOCUMENTATION_COMMENTS = YES;
				CLANG_WARN_EMPTY_BODY = YES;
				CLANG_WARN_ENUM_CONVERSION = YES;
				CLANG_WARN_INFINITE_RECURSION = YES;
				CLANG_WARN_INT_CONVERSION = YES;
				CLANG_WARN_NON_LITERAL_NULL_CONVERSION = YES;
				CLANG_WARN_OBJC_IMPLICIT_RETAIN_SELF = YES;
				CLANG_WARN_OBJC_LITERAL_CONVERSION = YES;
				CLANG_WARN_OBJC_ROOT_CLASS = YES_ERROR;
				CLANG_WARN_RANGE_LOOP_ANALYSIS = YES;
				CLANG_WARN_STRICT_PROTOTYPES = YES;
				CLANG_WARN_SUSPICIOUS_MOVE = YES;
				CLANG_WARN_UNGUARDED_AVAILABILITY = YES_AGGRESSIVE;
				CLANG_WARN_UNREACHABLE_CODE = YES;
				CLANG_WARN__DUPLICATE_METHOD_MATCH = YES;
				CODE_SIGN_IDENTITY = "iPhone Developer";
				COPY_PHASE_STRIP = NO;
				DEBUG_INFORMATION_FORMAT = "dwarf-with-dsym";
				ENABLE_NS_ASSERTIONS = NO;
				ENABLE_STRICT_OBJC_MSGSEND = YES;
				GCC_C_LANGUAGE_STANDARD = gnu11;
				GCC_NO_COMMON_BLOCKS = YES;
				GCC_WARN_64_TO_32_BIT_CONVERSION = YES;
				GCC_WARN_ABOUT_RETURN_TYPE = YES_ERROR;
				GCC_WARN_UNDECLARED_SELECTOR = YES;
				GCC_WARN_UNINITIALIZED_AUTOS = YES_AGGRESSIVE;
				GCC_WARN_UNUSED_FUNCTION = YES;
				GCC_WARN_UNUSED_VARIABLE = YES;
				IPHONEOS_DEPLOYMENT_TARGET = 12.0;
				MTL_ENABLE_DEBUG_INFO = NO;
				MTL_FAST_MATH = YES;
				SDKROOT = iphoneos;
				SWIFT_COMPILATION_MODE = wholemodule;
				SWIFT_OPTIMIZATION_LEVEL = "-O";
				VALIDATE_PRODUCT = YES;
			};
			name = Release;
		};
		631494FB216D54D5000A7BCF /* Debug */ = {
			isa = XCBuildConfiguration;
			buildSettings = {
				ASSETCATALOG_COMPILER_APPICON_NAME = AppIcon;
				CODE_SIGN_STYLE = Automatic;
				DEVELOPMENT_TEAM = P5P6FD3GTN;
				INFOPLIST_FILE = holaMundo/Info.plist;
				LD_RUNPATH_SEARCH_PATHS = (
					"$(inherited)",
					"@executable_path/Frameworks",
				);
				PRODUCT_BUNDLE_IDENTIFIER = com.juanmellado.holaMundo;
				PRODUCT_NAME = "$(TARGET_NAME)";
				SWIFT_VERSION = 4.2;
				TARGETED_DEVICE_FAMILY = "1,2";
			};
			name = Debug;
		};
		631494FC216D54D5000A7BCF /* Release */ = {
			isa = XCBuildConfiguration;
			buildSettings = {
				ASSETCATALOG_COMPILER_APPICON_NAME = AppIcon;
				CODE_SIGN_STYLE = Automatic;
				DEVELOPMENT_TEAM = P5P6FD3GTN;
				INFOPLIST_FILE = holaMundo/Info.plist;
				LD_RUNPATH_SEARCH_PATHS = (
					"$(inherited)",
					"@executable_path/Frameworks",
				);
				PRODUCT_BUNDLE_IDENTIFIER = com.juanmellado.holaMundo;
				PRODUCT_NAME = "$(TARGET_NAME)";
				SWIFT_VERSION = 4.2;
				TARGETED_DEVICE_FAMILY = "1,2";
			};
			name = Release;
		};
		631494FE216D54D5000A7BCF /* Debug */ = {
			isa = XCBuildConfiguration;
			buildSettings = {
				ALWAYS_EMBED_SWIFT_STANDARD_LIBRARIES = YES;
				BUNDLE_LOADER = "$(TEST_HOST)";
				CODE_SIGN_STYLE = Automatic;
				DEVELOPMENT_TEAM = P5P6FD3GTN;
				INFOPLIST_FILE = holaMundoTests/Info.plist;
				LD_RUNPATH_SEARCH_PATHS = (
					"$(inherited)",
					"@executable_path/Frameworks",
					"@loader_path/Frameworks",
				);
				PRODUCT_BUNDLE_IDENTIFIER = com.juanmellado.holaMundoTests;
				PRODUCT_NAME = "$(TARGET_NAME)";
				SWIFT_VERSION = 4.2;
				TARGETED_DEVICE_FAMILY = "1,2";
				TEST_HOST = "$(BUILT_PRODUCTS_DIR)/holaMundo.app/holaMundo";
			};
			name = Debug;
		};
		631494FF216D54D5000A7BCF /* Release */ = {
			isa = XCBuildConfiguration;
			buildSettings = {
				ALWAYS_EMBED_SWIFT_STANDARD_LIBRARIES = YES;
				BUNDLE_LOADER = "$(TEST_HOST)";
				CODE_SIGN_STYLE = Automatic;
				DEVELOPMENT_TEAM = P5P6FD3GTN;
				INFOPLIST_FILE = holaMundoTests/Info.plist;
				LD_RUNPATH_SEARCH_PATHS = (
					"$(inherited)",
					"@executable_path/Frameworks",
					"@loader_path/Frameworks",
				);
				PRODUCT_BUNDLE_IDENTIFIER = com.juanmellado.holaMundoTests;
				PRODUCT_NAME = "$(TARGET_NAME)";
				SWIFT_VERSION = 4.2;
				TARGETED_DEVICE_FAMILY = "1,2";
				TEST_HOST = "$(BUILT_PRODUCTS_DIR)/holaMundo.app/holaMundo";
			};
			name = Release;
		};
		63149501216D54D5000A7BCF /* Debug */ = {
			isa = XCBuildConfiguration;
			buildSettings = {
				ALWAYS_EMBED_SWIFT_STANDARD_LIBRARIES = YES;
				CODE_SIGN_STYLE = Automatic;
				DEVELOPMENT_TEAM = P5P6FD3GTN;
				INFOPLIST_FILE = holaMundoUITests/Info.plist;
				LD_RUNPATH_SEARCH_PATHS = (
					"$(inherited)",
					"@executable_path/Frameworks",
					"@loader_path/Frameworks",
				);
				PRODUCT_BUNDLE_IDENTIFIER = com.juanmellado.holaMundoUITests;
				PRODUCT_NAME = "$(TARGET_NAME)";
				SWIFT_VERSION = 4.2;
				TARGETED_DEVICE_FAMILY = "1,2";
				TEST_TARGET_NAME = holaMundo;
			};
			name = Debug;
		};
		63149502216D54D5000A7BCF /* Release */ = {
			isa = XCBuildConfiguration;
			buildSettings = {
				ALWAYS_EMBED_SWIFT_STANDARD_LIBRARIES = YES;
				CODE_SIGN_STYLE = Automatic;
				DEVELOPMENT_TEAM = P5P6FD3GTN;
				INFOPLIST_FILE = holaMundoUITests/Info.plist;
				LD_RUNPATH_SEARCH_PATHS = (
					"$(inherited)",
					"@executable_path/Frameworks",
					"@loader_path/Frameworks",
				);
				PRODUCT_BUNDLE_IDENTIFIER = com.juanmellado.holaMundoUITests;
				PRODUCT_NAME = "$(TARGET_NAME)";
				SWIFT_VERSION = 4.2;
				TARGETED_DEVICE_FAMILY = "1,2";
				TEST_TARGET_NAME = holaMundo;
			};
			name = Release;
		};
/* End XCBuildConfiguration section */

/* Begin XCConfigurationList section */
		631494CD216D54D1000A7BCF /* Build configuration list for PBXProject "holaMundo" */ = {
			isa = XCConfigurationList;
			buildConfigurations = (
				631494F8216D54D5000A7BCF /* Debug */,
				631494F9216D54D5000A7BCF /* Release */,
			);
			defaultConfigurationIsVisible = 0;
			defaultConfigurationName = Release;
		};
		631494FA216D54D5000A7BCF /* Build configuration list for PBXNativeTarget "holaMundo" */ = {
			isa = XCConfigurationList;
			buildConfigurations = (
				631494FB216D54D5000A7BCF /* Debug */,
				631494FC216D54D5000A7BCF /* Release */,
			);
			defaultConfigurationIsVisible = 0;
			defaultConfigurationName = Release;
		};
		631494FD216D54D5000A7BCF /* Build configuration list for PBXNativeTarget "holaMundoTests" */ = {
			isa = XCConfigurationList;
			buildConfigurations = (
				631494FE216D54D5000A7BCF /* Debug */,
				631494FF216D54D5000A7BCF /* Release */,
			);
			defaultConfigurationIsVisible = 0;
			defaultConfigurationName = Release;
		};
		63149500216D54D5000A7BCF /* Build configuration list for PBXNativeTarget "holaMundoUITests" */ = {
			isa = XCConfigurationList;
			buildConfigurations = (
				63149501216D54D5000A7BCF /* Debug */,
				63149502216D54D5000A7BCF /* Release */,
			);
			defaultConfigurationIsVisible = 0;
			defaultConfigurationName = Release;
		};
/* End XCConfigurationList section */
	};
	rootObject = 631494CA216D54D1000A7BCF /* Project object */;
}
